lockfileVersion: '6.0'

settings:
  autoInstallPeers: true
  excludeLinksFromLockfile: false

dependencies:
  html-to-image:
    specifier: ^1.11.13
    version: 1.11.13
  react-zoom-pan-pinch:
    specifier: ^4.0.3
    version: 4.0.3(react-dom@19.2.5)(react@19.2.5)

packages:

  /html-to-image@1.11.13:
    resolution: {integrity: sha512-cuOPoI7WApyhBElTTb9oqsawRvZ0rHhaHwghRLlTuffoD1B2aDemlCruLeZrUIIdvG7gs9xeELEPm6PhuASqrg==}
    dev: false

  /react-dom@19.2.5(react@19.2.5):
    resolution: {integrity: sha512-J5bAZz+DXMMwW/wV3xzKke59Af6CHY7G4uYLN1OvBcKEsWOs4pQExj86BBKamxl/Ik5bx9whOrvBlSDfWzgSag==}
    peerDependencies:
      react: ^19.2.5
    dependencies:
      react: 19.2.5
      scheduler: 0.27.0
    dev: false

  /react-zoom-pan-pinch@4.0.3(react-dom@19.2.5)(react@19.2.5):
    resolution: {integrity: sha512-N2Hi6L78fFmhRra+ORpFSW7WST5x6kxpOPplIvtB0b7b+U2anpo1z1wLgaWRPS2kUSqcraRG+JgBCIlDJnqqAg==}
    engines: {node: '>=8', npm: '>=5'}
    peerDependencies:
      react: '*'
      react-dom: '*'
    dependencies:
      react: 19.2.5
      react-dom: 19.2.5(react@19.2.5)
    dev: false

  /react@19.2.5:
    resolution: {integrity: sha512-llUJLzz1zTUBrskt2pwZgLq59AemifIftw4aB7JxOqf1HY2FDaGDxgwpAPVzHU1kdWabH7FauP4i1oEeer2WCA==}
    engines: {node: '>=0.10.0'}
    dev: false

  /scheduler@0.27.0:
    resolution: {integrity: sha512-eNv+WrVbKu1f3vbYJT/xtiF5syA5HPIMtf9IgY/nKg0sWqzAUEvqY/xm7OcZc/qafLx/iO9FgOmeSAp4v5ti/Q==}
    dev: false
